// !$*UTF8*$!
{
	archiveVersion = 1;
	classes = {
	};
	objectVersion = 56;
	objects = {

/* Begin PBXBuildFile section */
		81368E352AEAC4D40049D81D /* FirebaseAnalytics in Frameworks */ = {isa = PBXBuildFile; productRef = 81368E342AEAC4D40049D81D /* FirebaseAnalytics */; };
		81368E372AEAC4D40049D81D /* FirebaseDatabase in Frameworks */ = {isa = PBXBuildFile; productRef = 81368E362AEAC4D40049D81D /* FirebaseDatabase */; };
		81368E392AEAC4D40049D81D /* FirebaseFirestore in Frameworks */ = {isa = PBXBuildFile; productRef = 81368E382AEAC4D40049D81D /* FirebaseFirestore */; };
		81368E3B2AEAC4D40049D81D /* FirebaseFirestoreCombine-Community in Frameworks */ = {isa = PBXBuildFile; productRef = 81368E3A2AEAC4D40049D81D /* FirebaseFirestoreCombine-Community */; };
		81368E3D2AEAC4D40049D81D /* FirebaseFirestoreSwift in Frameworks */ = {isa = PBXBuildFile; productRef = 81368E3C2AEAC4D40049D81D /* FirebaseFirestoreSwift */; };
		81368E3F2AEAC5A20049D81D /* DataManager.swift in Sources */ = {isa = PBXBuildFile; fileRef = 81368E3E2AEAC5A20049D81D /* DataManager.swift */; };
		81368E402AEAC5A20049D81D /* DataManager.swift in Sources */ = {isa = PBXBuildFile; fileRef = 81368E3E2AEAC5A20049D81D /* DataManager.swift */; };
		81368E412AEAC5A20049D81D /* DataManager.swift in Sources */ = {isa = PBXBuildFile; fileRef = 81368E3E2AEAC5A20049D81D /* DataManager.swift */; };
		81368E432AEAC5B70049D81D /* Team.swift in Sources */ = {isa = PBXBuildFile; fileRef = 81368E422AEAC5B70049D81D /* Team.swift */; };
		81368E442AEAC5B70049D81D /* Team.swift in Sources */ = {isa = PBXBuildFile; fileRef = 81368E422AEAC5B70049D81D /* Team.swift */; };
		81368E452AEAC5B70049D81D /* Team.swift in Sources */ = {isa = PBXBuildFile; fileRef = 81368E422AEAC5B70049D81D /* Team.swift */; };
		81B1B2222AF550D30082BBBA /* UpdateType.swift in Sources */ = {isa = PBXBuildFile; fileRef = 81B1B2212AF550D30082BBBA /* UpdateType.swift */; };
		81B98E4E2AE8186700C71D83 /* Prospect_Athletic_RosterApp.swift in Sources */ = {isa = PBXBuildFile; fileRef = 81B98E4D2AE8186700C71D83 /* Prospect_Athletic_RosterApp.swift */; };
		81B98E502AE8186700C71D83 /* ContentView.swift in Sources */ = {isa = PBXBuildFile; fileRef = 81B98E4F2AE8186700C71D83 /* ContentView.swift */; };
		81B98E522AE8186800C71D83 /* Assets.xcassets in Resources */ = {isa = PBXBuildFile; fileRef = 81B98E512AE8186800C71D83 /* Assets.xcassets */; };
		81B98E552AE8186800C71D83 /* Preview Assets.xcassets in Resources */ = {isa = PBXBuildFile; fileRef = 81B98E542AE8186800C71D83 /* Preview Assets.xcassets */; };
		81B98E5F2AE8186800C71D83 /* Prospect_Athletic_RosterTests.swift in Sources */ = {isa = PBXBuildFile; fileRef = 81B98E5E2AE8186800C71D83 /* Prospect_Athletic_RosterTests.swift */; };
		81B98E692AE8186800C71D83 /* Prospect_Athletic_RosterUITests.swift in Sources */ = {isa = PBXBuildFile; fileRef = 81B98E682AE8186800C71D83 /* Prospect_Athletic_RosterUITests.swift */; };
		81B98E6B2AE8186800C71D83 /* Prospect_Athletic_RosterUITestsLaunchTests.swift in Sources */ = {isa = PBXBuildFile; fileRef = 81B98E6A2AE8186800C71D83 /* Prospect_Athletic_RosterUITestsLaunchTests.swift */; };
		D601E4692AF2A41800333ADD /* DisplayView.swift in Sources */ = {isa = PBXBuildFile; fileRef = D601E4682AF2A41800333ADD /* DisplayView.swift */; };
		D601E46B2AF2B07900333ADD /* GoogleService-Info.plist in Resources */ = {isa = PBXBuildFile; fileRef = D601E46A2AF2B07900333ADD /* GoogleService-Info.plist */; };
		D6B2C1872AFAA18300CD5AAC /* TeamView.swift in Sources */ = {isa = PBXBuildFile; fileRef = D6B2C1862AFAA18300CD5AAC /* TeamView.swift */; };
/* End PBXBuildFile section */

/* Begin PBXContainerItemProxy section */
		81B98E5B2AE8186800C71D83 /* PBXContainerItemProxy */ = {
			isa = PBXContainerItemProxy;
			containerPortal = 81B98E422AE8186700C71D83 /* Project object */;
			proxyType = 1;
			remoteGlobalIDString = 81B98E492AE8186700C71D83;
			remoteInfo = "Prospect Athletic Roster";
		};
		81B98E652AE8186800C71D83 /* PBXContainerItemProxy */ = {
			isa = PBXContainerItemProxy;
			containerPortal = 81B98E422AE8186700C71D83 /* Project object */;
			proxyType = 1;
			remoteGlobalIDString = 81B98E492AE8186700C71D83;
			remoteInfo = "Prospect Athletic Roster";
		};
/* End PBXContainerItemProxy section */

/* Begin PBXFileReference section */
		81368E3E2AEAC5A20049D81D /* DataManager.swift */ = {isa = PBXFileReference; lastKnownFileType = sourcecode.swift; path = DataManager.swift; sourceTree = "<group>"; };
		81368E422AEAC5B70049D81D /* Team.swift */ = {isa = PBXFileReference; lastKnownFileType = sourcecode.swift; path = Team.swift; sourceTree = "<group>"; };
		81B1B2212AF550D30082BBBA /* UpdateType.swift */ = {isa = PBXFileReference; lastKnownFileType = sourcecode.swift; path = UpdateType.swift; sourceTree = "<group>"; };
		81B98E4A2AE8186700C71D83 /* Prospect Athletic Roster.app */ = {isa = PBXFileReference; explicitFileType = wrapper.application; includeInIndex = 0; path = "Prospect Athletic Roster.app"; sourceTree = BUILT_PRODUCTS_DIR; };
		81B98E4D2AE8186700C71D83 /* Prospect_Athletic_RosterApp.swift */ = {isa = PBXFileReference; lastKnownFileType = sourcecode.swift; path = Prospect_Athletic_RosterApp.swift; sourceTree = "<group>"; };
		81B98E4F2AE8186700C71D83 /* ContentView.swift */ = {isa = PBXFileReference; lastKnownFileType = sourcecode.swift; path = ContentView.swift; sourceTree = "<group>"; };
		81B98E512AE8186800C71D83 /* Assets.xcassets */ = {isa = PBXFileReference; lastKnownFileType = folder.assetcatalog; path = Assets.xcassets; sourceTree = "<group>"; };
		81B98E542AE8186800C71D83 /* Preview Assets.xcassets */ = {isa = PBXFileReference; lastKnownFileType = folder.assetcatalog; path = "Preview Assets.xcassets"; sourceTree = "<group>"; };
		81B98E5A2AE8186800C71D83 /* Prospect Athletic RosterTests.xctest */ = {isa = PBXFileReference; explicitFileType = wrapper.cfbundle; includeInIndex = 0; path = "Prospect Athletic RosterTests.xctest"; sourceTree = BUILT_PRODUCTS_DIR; };
		81B98E5E2AE8186800C71D83 /* Prospect_Athletic_RosterTests.swift */ = {isa = PBXFileReference; lastKnownFileType = sourcecode.swift; path = Prospect_Athletic_RosterTests.swift; sourceTree = "<group>"; };
		81B98E642AE8186800C71D83 /* Prospect Athletic RosterUITests.xctest */ = {isa = PBXFileReference; explicitFileType = wrapper.cfbundle; includeInIndex = 0; path = "Prospect Athletic RosterUITests.xctest"; sourceTree = BUILT_PRODUCTS_DIR; };
		81B98E682AE8186800C71D83 /* Prospect_Athletic_RosterUITests.swift */ = {isa = PBXFileReference; lastKnownFileType = sourcecode.swift; path = Prospect_Athletic_RosterUITests.swift; sourceTree = "<group>"; };
		81B98E6A2AE8186800C71D83 /* Prospect_Athletic_RosterUITestsLaunchTests.swift */ = {isa = PBXFileReference; lastKnownFileType = sourcecode.swift; path = Prospect_Athletic_RosterUITestsLaunchTests.swift; sourceTree = "<group>"; };
		D601E4682AF2A41800333ADD /* DisplayView.swift */ = {isa = PBXFileReference; lastKnownFileType = sourcecode.swift; path = DisplayView.swift; sourceTree = "<group>"; };
		D601E46A2AF2B07900333ADD /* GoogleService-Info.plist */ = {isa = PBXFileReference; fileEncoding = 4; lastKnownFileType = text.plist.xml; name = "GoogleService-Info.plist"; path = "../../../Downloads/GoogleService-Info.plist"; sourceTree = "<group>"; };
		D6B2C1862AFAA18300CD5AAC /* TeamView.swift */ = {isa = PBXFileReference; lastKnownFileType = sourcecode.swift; path = TeamView.swift; sourceTree = "<group>"; };
/* End PBXFileReference section */

/* Begin PBXFrameworksBuildPhase section */
		81B98E472AE8186700C71D83 /* Frameworks */ = {
			isa = PBXFrameworksBuildPhase;
			buildActionMask = 2147483647;
			files = (
				81368E3D2AEAC4D40049D81D /* FirebaseFirestoreSwift in Frameworks */,
				81368E372AEAC4D40049D81D /* FirebaseDatabase in Frameworks */,
				81368E3B2AEAC4D40049D81D /* FirebaseFirestoreCombine-Community in Frameworks */,
				81368E352AEAC4D40049D81D /* FirebaseAnalytics in Frameworks */,
				81368E392AEAC4D40049D81D /* FirebaseFirestore in Frameworks */,
			);
			runOnlyForDeploymentPostprocessing = 0;
		};
		81B98E572AE8186800C71D83 /* Frameworks */ = {
			isa = PBXFrameworksBuildPhase;
			buildActionMask = 2147483647;
			files = (
			);
			runOnlyForDeploymentPostprocessing = 0;
		};
		81B98E612AE8186800C71D83 /* Frameworks */ = {
			isa = PBXFrameworksBuildPhase;
			buildActionMask = 2147483647;
			files = (
			);
			runOnlyForDeploymentPostprocessing = 0;
		};
/* End PBXFrameworksBuildPhase section */

/* Begin PBXGroup section */
		81B98E412AE8186700C71D83 = {
			isa = PBXGroup;
			children = (
				81B98E4C2AE8186700C71D83 /* Prospect Athletic Roster */,
				81B98E5D2AE8186800C71D83 /* Prospect Athletic RosterTests */,
				81B98E672AE8186800C71D83 /* Prospect Athletic RosterUITests */,
				81B98E4B2AE8186700C71D83 /* Products */,
			);
			sourceTree = "<group>";
		};
		81B98E4B2AE8186700C71D83 /* Products */ = {
			isa = PBXGroup;
			children = (
				81B98E4A2AE8186700C71D83 /* Prospect Athletic Roster.app */,
				81B98E5A2AE8186800C71D83 /* Prospect Athletic RosterTests.xctest */,
				81B98E642AE8186800C71D83 /* Prospect Athletic RosterUITests.xctest */,
			);
			name = Products;
			sourceTree = "<group>";
		};
		81B98E4C2AE8186700C71D83 /* Prospect Athletic Roster */ = {
			isa = PBXGroup;
			children = (
				D601E4682AF2A41800333ADD /* DisplayView.swift */,
				D6B2C1862AFAA18300CD5AAC /* TeamView.swift */,
				81B98E4D2AE8186700C71D83 /* Prospect_Athletic_RosterApp.swift */,
				81B98E4F2AE8186700C71D83 /* ContentView.swift */,
				81368E3E2AEAC5A20049D81D /* DataManager.swift */,
				81B1B2212AF550D30082BBBA /* UpdateType.swift */,
				81368E422AEAC5B70049D81D /* Team.swift */,
				D601E46A2AF2B07900333ADD /* GoogleService-Info.plist */,
				81B98E512AE8186800C71D83 /* Assets.xcassets */,
				81B98E532AE8186800C71D83 /* Preview Content */,
			);
			path = "Prospect Athletic Roster";
			sourceTree = "<group>";
		};
		81B98E532AE8186800C71D83 /* Preview Content */ = {
			isa = PBXGroup;
			children = (
				81B98E542AE8186800C71D83 /* Preview Assets.xcassets */,
			);
			path = "Preview Content";
			sourceTree = "<group>";
		};
		81B98E5D2AE8186800C71D83 /* Prospect Athletic RosterTests */ = {
			isa = PBXGroup;
			children = (
				81B98E5E2AE8186800C71D83 /* Prospect_Athletic_RosterTests.swift */,
			);
			path = "Prospect Athletic RosterTests";
			sourceTree = "<group>";
		};
		81B98E672AE8186800C71D83 /* Prospect Athletic RosterUITests */ = {
			isa = PBXGroup;
			children = (
				81B98E682AE8186800C71D83 /* Prospect_Athletic_RosterUITests.swift */,
				81B98E6A2AE8186800C71D83 /* Prospect_Athletic_RosterUITestsLaunchTests.swift */,
			);
			path = "Prospect Athletic RosterUITests";
			sourceTree = "<group>";
		};
/* End PBXGroup section */

/* Begin PBXNativeTarget section */
		81B98E492AE8186700C71D83 /* Prospect Athletic Roster */ = {
			isa = PBXNativeTarget;
			buildConfigurationList = 81B98E6E2AE8186800C71D83 /* Build configuration list for PBXNativeTarget "Prospect Athletic Roster" */;
			buildPhases = (
				81B98E462AE8186700C71D83 /* Sources */,
				81B98E472AE8186700C71D83 /* Frameworks */,
				81B98E482AE8186700C71D83 /* Resources */,
			);
			buildRules = (
			);
			dependencies = (
			);
			name = "Prospect Athletic Roster";
			packageProductDependencies = (
				81368E342AEAC4D40049D81D /* FirebaseAnalytics */,
				81368E362AEAC4D40049D81D /* FirebaseDatabase */,
				81368E382AEAC4D40049D81D /* FirebaseFirestore */,
				81368E3A2AEAC4D40049D81D /* FirebaseFirestoreCombine-Community */,
				81368E3C2AEAC4D40049D81D /* FirebaseFirestoreSwift */,
			);
			productName = "Prospect Athletic Roster";
			productReference = 81B98E4A2AE8186700C71D83 /* Prospect Athletic Roster.app */;
			productType = "com.apple.product-type.application";
		};
		81B98E592AE8186800C71D83 /* Prospect Athletic RosterTests */ = {
			isa = PBXNativeTarget;
			buildConfigurationList = 81B98E712AE8186800C71D83 /* Build configuration list for PBXNativeTarget "Prospect Athletic RosterTests" */;
			buildPhases = (
				81B98E562AE8186800C71D83 /* Sources */,
				81B98E572AE8186800C71D83 /* Frameworks */,
				81B98E582AE8186800C71D83 /* Resources */,
			);
			buildRules = (
			);
			dependencies = (
				81B98E5C2AE8186800C71D83 /* PBXTargetDependency */,
			);
			name = "Prospect Athletic RosterTests";
			productName = "Prospect Athletic RosterTests";
			productReference = 81B98E5A2AE8186800C71D83 /* Prospect Athletic RosterTests.xctest */;
			productType = "com.apple.product-type.bundle.unit-test";
		};
		81B98E632AE8186800C71D83 /* Prospect Athletic RosterUITests */ = {
			isa = PBXNativeTarget;
			buildConfigurationList = 81B98E742AE8186800C71D83 /* Build configuration list for PBXNativeTarget "Prospect Athletic RosterUITests" */;
			buildPhases = (
				81B98E602AE8186800C71D83 /* Sources */,
				81B98E612AE8186800C71D83 /* Frameworks */,
				81B98E622AE8186800C71D83 /* Resources */,
			);
			buildRules = (
			);
			dependencies = (
				81B98E662AE8186800C71D83 /* PBXTargetDependency */,
			);
			name = "Prospect Athletic RosterUITests";
			productName = "Prospect Athletic RosterUITests";
			productReference = 81B98E642AE8186800C71D83 /* Prospect Athletic RosterUITests.xctest */;
			productType = "com.apple.product-type.bundle.ui-testing";
		};
/* End PBXNativeTarget section */

/* Begin PBXProject section */
		81B98E422AE8186700C71D83 /* Project object */ = {
			isa = PBXProject;
			attributes = {
				BuildIndependentTargetsInParallel = 1;
				LastSwiftUpdateCheck = 1500;
				LastUpgradeCheck = 1500;
				TargetAttributes = {
					81B98E492AE8186700C71D83 = {
						CreatedOnToolsVersion = 15.0.1;
					};
					81B98E592AE8186800C71D83 = {
						CreatedOnToolsVersion = 15.0.1;
						TestTargetID = 81B98E492AE8186700C71D83;
					};
					81B98E632AE8186800C71D83 = {
						CreatedOnToolsVersion = 15.0.1;
						TestTargetID = 81B98E492AE8186700C71D83;
					};
				};
			};
			buildConfigurationList = 81B98E452AE8186700C71D83 /* Build configuration list for PBXProject "Prospect Athletic Roster" */;
			compatibilityVersion = "Xcode 14.0";
			developmentRegion = en;
			hasScannedForEncodings = 0;
			knownRegions = (
				en,
				Base,
			);
			mainGroup = 81B98E412AE8186700C71D83;
			packageReferences = (
				81368E332AEAC4D40049D81D /* XCRemoteSwiftPackageReference "firebase-ios-sdk" */,
			);
			productRefGroup = 81B98E4B2AE8186700C71D83 /* Products */;
			projectDirPath = "";
			projectRoot = "";
			targets = (
				81B98E492AE8186700C71D83 /* Prospect Athletic Roster */,
				81B98E592AE8186800C71D83 /* Prospect Athletic RosterTests */,
				81B98E632AE8186800C71D83 /* Prospect Athletic RosterUITests */,
			);
		};
/* End PBXProject section */

/* Begin PBXResourcesBuildPhase section */
		81B98E482AE8186700C71D83 /* Resources */ = {
			isa = PBXResourcesBuildPhase;
			buildActionMask = 2147483647;
			files = (
				81B98E552AE8186800C71D83 /* Preview Assets.xcassets in Resources */,
				81B98E522AE8186800C71D83 /* Assets.xcassets in Resources */,
				D601E46B2AF2B07900333ADD /* GoogleService-Info.plist in Resources */,
			);
			runOnlyForDeploymentPostprocessing = 0;
		};
		81B98E582AE8186800C71D83 /* Resources */ = {
			isa = PBXResourcesBuildPhase;
			buildActionMask = 2147483647;
			files = (
			);
			runOnlyForDeploymentPostprocessing = 0;
		};
		81B98E622AE8186800C71D83 /* Resources */ = {
			isa = PBXResourcesBuildPhase;
			buildActionMask = 2147483647;
			files = (
			);
			runOnlyForDeploymentPostprocessing = 0;
		};
/* End PBXResourcesBuildPhase section */

/* Begin PBXSourcesBuildPhase section */
		81B98E462AE8186700C71D83 /* Sources */ = {
			isa = PBXSourcesBuildPhase;
			buildActionMask = 2147483647;
			files = (
				81368E3F2AEAC5A20049D81D /* DataManager.swift in Sources */,
				81B98E502AE8186700C71D83 /* ContentView.swift in Sources */,
				81368E432AEAC5B70049D81D /* Team.swift in Sources */,
				D601E4692AF2A41800333ADD /* DisplayView.swift in Sources */,
				D6B2C1872AFAA18300CD5AAC /* TeamView.swift in Sources */,
				81B98E4E2AE8186700C71D83 /* Prospect_Athletic_RosterApp.swift in Sources */,
				81B1B2222AF550D30082BBBA /* UpdateType.swift in Sources */,
			);
			runOnlyForDeploymentPostprocessing = 0;
		};
		81B98E562AE8186800C71D83 /* Sources */ = {
			isa = PBXSourcesBuildPhase;
			buildActionMask = 2147483647;
			files = (
				81B98E5F2AE8186800C71D83 /* Prospect_Athletic_RosterTests.swift in Sources */,
				81368E402AEAC5A20049D81D /* DataManager.swift in Sources */,
				81368E442AEAC5B70049D81D /* Team.swift in Sources */,
			);
			runOnlyForDeploymentPostprocessing = 0;
		};
		81B98E602AE8186800C71D83 /* Sources */ = {
			isa = PBXSourcesBuildPhase;
			buildActionMask = 2147483647;
			files = (
				81368E412AEAC5A20049D81D /* DataManager.swift in Sources */,
				81B98E692AE8186800C71D83 /* Prospect_Athletic_RosterUITests.swift in Sources */,
				81368E452AEAC5B70049D81D /* Team.swift in Sources */,
				81B98E6B2AE8186800C71D83 /* Prospect_Athletic_RosterUITestsLaunchTests.swift in Sources */,
			);
			runOnlyForDeploymentPostprocessing = 0;
		};
/* End PBXSourcesBuildPhase section */

/* Begin PBXTargetDependency section */
		81B98E5C2AE8186800C71D83 /* PBXTargetDependency */ = {
			isa = PBXTargetDependency;
			target = 81B98E492AE8186700C71D83 /* Prospect Athletic Roster */;
			targetProxy = 81B98E5B2AE8186800C71D83 /* PBXContainerItemProxy */;
		};
		81B98E662AE8186800C71D83 /* PBXTargetDependency */ = {
			isa = PBXTargetDependency;
			target = 81B98E492AE8186700C71D83 /* Prospect Athletic Roster */;
			targetProxy = 81B98E652AE8186800C71D83 /* PBXContainerItemProxy */;
		};
/* End PBXTargetDependency section */

/* Begin XCBuildConfiguration section */
		81B98E6C2AE8186800C71D83 /* Debug */ = {
			isa = XCBuildConfiguration;
			buildSettings = {
				ALWAYS_SEARCH_USER_PATHS = NO;
				ASSETCATALOG_COMPILER_GENERATE_SWIFT_ASSET_SYMBOL_EXTENSIONS = YES;
				CLANG_ANALYZER_NONNULL = YES;
				CLANG_ANALYZER_NUMBER_OBJECT_CONVERSION = YES_AGGRESSIVE;
				CLANG_CXX_LANGUAGE_STANDARD = "gnu++20";
				CLANG_ENABLE_MODULES = YES;
				CLANG_ENABLE_OBJC_ARC = YES;
				CLANG_ENABLE_OBJC_WEAK = YES;
				CLANG_WARN_BLOCK_CAPTURE_AUTORELEASING = YES;
				CLANG_WARN_BOOL_CONVERSION = YES;
				CLANG_WARN_COMMA = YES;
				CLANG_WARN_CONSTANT_CONVERSION = YES;
				CLANG_WARN_DEPRECATED_OBJC_IMPLEMENTATIONS = YES;
				CLANG_WARN_DIRECT_OBJC_ISA_USAGE = YES_ERROR;
				CLANG_WARN_DOCUMENTATION_COMMENTS = YES;
				CLANG_WARN_EMPTY_BODY = YES;
				CLANG_WARN_ENUM_CONVERSION = YES;
				CLANG_WARN_INFINITE_RECURSION = YES;
				CLANG_WARN_INT_CONVERSION = YES;
				CLANG_WARN_NON_LITERAL_NULL_CONVERSION = YES;
				CLANG_WARN_OBJC_IMPLICIT_RETAIN_SELF = YES;
				CLANG_WARN_OBJC_LITERAL_CONVERSION = YES;
				CLANG_WARN_OBJC_ROOT_CLASS = YES_ERROR;
				CLANG_WARN_QUOTED_INCLUDE_IN_FRAMEWORK_HEADER = YES;
				CLANG_WARN_RANGE_LOOP_ANALYSIS = YES;
				CLANG_WARN_STRICT_PROTOTYPES = YES;
				CLANG_WARN_SUSPICIOUS_MOVE = YES;
				CLANG_WARN_UNGUARDED_AVAILABILITY = YES_AGGRESSIVE;
				CLANG_WARN_UNREACHABLE_CODE = YES;
				CLANG_WARN__DUPLICATE_METHOD_MATCH = YES;
				COPY_PHASE_STRIP = NO;
				DEBUG_INFORMATION_FORMAT = dwarf;
				ENABLE_STRICT_OBJC_MSGSEND = YES;
				ENABLE_TESTABILITY = YES;
				ENABLE_USER_SCRIPT_SANDBOXING = YES;
				GCC_C_LANGUAGE_STANDARD = gnu17;
				GCC_DYNAMIC_NO_PIC = NO;
				GCC_NO_COMMON_BLOCKS = YES;
				GCC_OPTIMIZATION_LEVEL = 0;
				GCC_PREPROCESSOR_DEFINITIONS = (
					"DEBUG=1",
					"$(inherited)",
				);
				GCC_WARN_64_TO_32_BIT_CONVERSION = YES;
				GCC_WARN_ABOUT_RETURN_TYPE = YES_ERROR;
				GCC_WARN_UNDECLARED_SELECTOR = YES;
				GCC_WARN_UNINITIALIZED_AUTOS = YES_AGGRESSIVE;
				GCC_WARN_UNUSED_FUNCTION = YES;
				GCC_WARN_UNUSED_VARIABLE = YES;
				IPHONEOS_DEPLOYMENT_TARGET = 17.0;
				LOCALIZATION_PREFERS_STRING_CATALOGS = YES;
				MTL_ENABLE_DEBUG_INFO = INCLUDE_SOURCE;
				MTL_FAST_MATH = YES;
				ONLY_ACTIVE_ARCH = YES;
				SDKROOT = iphoneos;
				SWIFT_ACTIVE_COMPILATION_CONDITIONS = "DEBUG $(inherited)";
				SWIFT_OPTIMIZATION_LEVEL = "-Onone";
			};
			name = Debug;
		};
		81B98E6D2AE8186800C71D83 /* Release */ = {
			isa = XCBuildConfiguration;
			buildSettings = {
				ALWAYS_SEARCH_USER_PATHS = NO;
				ASSETCATALOG_COMPILER_GENERATE_SWIFT_ASSET_SYMBOL_EXTENSIONS = YES;
				CLANG_ANALYZER_NONNULL = YES;
				CLANG_ANALYZER_NUMBER_OBJECT_CONVERSION = YES_AGGRESSIVE;
				CLANG_CXX_LANGUAGE_STANDARD = "gnu++20";
				CLANG_ENABLE_MODULES = YES;
				CLANG_ENABLE_OBJC_ARC = YES;
				CLANG_ENABLE_OBJC_WEAK = YES;
				CLANG_WARN_BLOCK_CAPTURE_AUTORELEASING = YES;
				CLANG_WARN_BOOL_CONVERSION = YES;
				CLANG_WARN_COMMA = YES;
				CLANG_WARN_CONSTANT_CONVERSION = YES;
				CLANG_WARN_DEPRECATED_OBJC_IMPLEMENTATIONS = YES;
				CLANG_WARN_DIRECT_OBJC_ISA_USAGE = YES_ERROR;
				CLANG_WARN_DOCUMENTATION_COMMENTS = YES;
				CLANG_WARN_EMPTY_BODY = YES;
				CLANG_WARN_ENUM_CONVERSION = YES;
				CLANG_WARN_INFINITE_RECURSION = YES;
				CLANG_WARN_INT_CONVERSION = YES;
				CLANG_WARN_NON_LITERAL_NULL_CONVERSION = YES;
				CLANG_WARN_OBJC_IMPLICIT_RETAIN_SELF = YES;
				CLANG_WARN_OBJC_LITERAL_CONVERSION = YES;
				CLANG_WARN_OBJC_ROOT_CLASS = YES_ERROR;
				CLANG_WARN_QUOTED_INCLUDE_IN_FRAMEWORK_HEADER = YES;
				CLANG_WARN_RANGE_LOOP_ANALYSIS = YES;
				CLANG_WARN_STRICT_PROTOTYPES = YES;
				CLANG_WARN_SUSPICIOUS_MOVE = YES;
				CLANG_WARN_UNGUARDED_AVAILABILITY = YES_AGGRESSIVE;
				CLANG_WARN_UNREACHABLE_CODE = YES;
				CLANG_WARN__DUPLICATE_METHOD_MATCH = YES;
				COPY_PHASE_STRIP = NO;
				DEBUG_INFORMATION_FORMAT = "dwarf-with-dsym";
				ENABLE_NS_ASSERTIONS = NO;
				ENABLE_STRICT_OBJC_MSGSEND = YES;
				ENABLE_USER_SCRIPT_SANDBOXING = YES;
				GCC_C_LANGUAGE_STANDARD = gnu17;
				GCC_NO_COMMON_BLOCKS = YES;
				GCC_WARN_64_TO_32_BIT_CONVERSION = YES;
				GCC_WARN_ABOUT_RETURN_TYPE = YES_ERROR;
				GCC_WARN_UNDECLARED_SELECTOR = YES;
				GCC_WARN_UNINITIALIZED_AUTOS = YES_AGGRESSIVE;
				GCC_WARN_UNUSED_FUNCTION = YES;
				GCC_WARN_UNUSED_VARIABLE = YES;
				IPHONEOS_DEPLOYMENT_TARGET = 17.0;
				LOCALIZATION_PREFERS_STRING_CATALOGS = YES;
				MTL_ENABLE_DEBUG_INFO = NO;
				MTL_FAST_MATH = YES;
				SDKROOT = iphoneos;
				SWIFT_COMPILATION_MODE = wholemodule;
				VALIDATE_PRODUCT = YES;
			};
			name = Release;
		};
		81B98E6F2AE8186800C71D83 /* Debug */ = {
			isa = XCBuildConfiguration;
			buildSettings = {
				ASSETCATALOG_COMPILER_APPICON_NAME = AppIcon;
				ASSETCATALOG_COMPILER_GLOBAL_ACCENT_COLOR_NAME = AccentColor;
				CODE_SIGN_STYLE = Automatic;
				CURRENT_PROJECT_VERSION = 1;
				DEVELOPMENT_ASSET_PATHS = "\"Prospect Athletic Roster/Preview Content\"";
				ENABLE_PREVIEWS = YES;
				GENERATE_INFOPLIST_FILE = YES;
				INFOPLIST_KEY_UIApplicationSceneManifest_Generation = YES;
				INFOPLIST_KEY_UIApplicationSupportsIndirectInputEvents = YES;
				INFOPLIST_KEY_UILaunchScreen_Generation = YES;
				INFOPLIST_KEY_UISupportedInterfaceOrientations_iPad = "UIInterfaceOrientationPortrait UIInterfaceOrientationPortraitUpsideDown UIInterfaceOrientationLandscapeLeft UIInterfaceOrientationLandscapeRight";
				INFOPLIST_KEY_UISupportedInterfaceOrientations_iPhone = "UIInterfaceOrientationPortrait UIInterfaceOrientationLandscapeLeft UIInterfaceOrientationLandscapeRight";
				IPHONEOS_DEPLOYMENT_TARGET = 16.4;
				LD_RUNPATH_SEARCH_PATHS = (
					"$(inherited)",
					"@executable_path/Frameworks",
				);
				MARKETING_VERSION = 1.0;
				PRODUCT_BUNDLE_IDENTIFIER = "lorenzoAblis.Prospect-Athletic-Roster";
				PRODUCT_NAME = "$(TARGET_NAME)";
				SWIFT_EMIT_LOC_STRINGS = YES;
				SWIFT_VERSION = 5.0;
				TARGETED_DEVICE_FAMILY = "1,2";
			};
			name = Debug;
		};
		81B98E702AE8186800C71D83 /* Release */ = {
			isa = XCBuildConfiguration;
			buildSettings = {
				ASSETCATALOG_COMPILER_APPICON_NAME = AppIcon;
				ASSETCATALOG_COMPILER_GLOBAL_ACCENT_COLOR_NAME = AccentColor;
				CODE_SIGN_STYLE = Automatic;
				CURRENT_PROJECT_VERSION = 1;
				DEVELOPMENT_ASSET_PATHS = "\"Prospect Athletic Roster/Preview Content\"";
				ENABLE_PREVIEWS = YES;
				GENERATE_INFOPLIST_FILE = YES;
				INFOPLIST_KEY_UIApplicationSceneManifest_Generation = YES;
				INFOPLIST_KEY_UIApplicationSupportsIndirectInputEvents = YES;
				INFOPLIST_KEY_UILaunchScreen_Generation = YES;
				INFOPLIST_KEY_UISupportedInterfaceOrientations_iPad = "UIInterfaceOrientationPortrait UIInterfaceOrientationPortraitUpsideDown UIInterfaceOrientationLandscapeLeft UIInterfaceOrientationLandscapeRight";
				INFOPLIST_KEY_UISupportedInterfaceOrientations_iPhone = "UIInterfaceOrientationPortrait UIInterfaceOrientationLandscapeLeft UIInterfaceOrientationLandscapeRight";
				IPHONEOS_DEPLOYMENT_TARGET = 16.4;
				LD_RUNPATH_SEARCH_PATHS = (
					"$(inherited)",
					"@executable_path/Frameworks",
				);
				MARKETING_VERSION = 1.0;
				PRODUCT_BUNDLE_IDENTIFIER = "lorenzoAblis.Prospect-Athletic-Roster";
				PRODUCT_NAME = "$(TARGET_NAME)";
				SWIFT_EMIT_LOC_STRINGS = YES;
				SWIFT_VERSION = 5.0;
				TARGETED_DEVICE_FAMILY = "1,2";
			};
			name = Release;
		};
		81B98E722AE8186800C71D83 /* Debug */ = {
			isa = XCBuildConfiguration;
			buildSettings = {
				ALWAYS_EMBED_SWIFT_STANDARD_LIBRARIES = YES;
				BUNDLE_LOADER = "$(TEST_HOST)";
				CODE_SIGN_STYLE = Automatic;
				CURRENT_PROJECT_VERSION = 1;
				GENERATE_INFOPLIST_FILE = YES;
				IPHONEOS_DEPLOYMENT_TARGET = 17.0;
				MARKETING_VERSION = 1.0;
				PRODUCT_BUNDLE_IDENTIFIER = "lorenzoAblis.Prospect-Athletic-RosterTests";
				PRODUCT_NAME = "$(TARGET_NAME)";
				SWIFT_EMIT_LOC_STRINGS = NO;
				SWIFT_VERSION = 5.0;
				TARGETED_DEVICE_FAMILY = "1,2";
				TEST_HOST = "$(BUILT_PRODUCTS_DIR)/Prospect Athletic Roster.app/$(BUNDLE_EXECUTABLE_FOLDER_PATH)/Prospect Athletic Roster";
			};
			name = Debug;
		};
		81B98E732AE8186800C71D83 /* Release */ = {
			isa = XCBuildConfiguration;
			buildSettings = {
				ALWAYS_EMBED_SWIFT_STANDARD_LIBRARIES = YES;
				BUNDLE_LOADER = "$(TEST_HOST)";
				CODE_SIGN_STYLE = Automatic;
				CURRENT_PROJECT_VERSION = 1;
				GENERATE_INFOPLIST_FILE = YES;
				IPHONEOS_DEPLOYMENT_TARGET = 17.0;
				MARKETING_VERSION = 1.0;
				PRODUCT_BUNDLE_IDENTIFIER = "lorenzoAblis.Prospect-Athletic-RosterTests";
				PRODUCT_NAME = "$(TARGET_NAME)";
				SWIFT_EMIT_LOC_STRINGS = NO;
				SWIFT_VERSION = 5.0;
				TARGETED_DEVICE_FAMILY = "1,2";
				TEST_HOST = "$(BUILT_PRODUCTS_DIR)/Prospect Athletic Roster.app/$(BUNDLE_EXECUTABLE_FOLDER_PATH)/Prospect Athletic Roster";
			};
			name = Release;
		};
		81B98E752AE8186800C71D83 /* Debug */ = {
			isa = XCBuildConfiguration;
			buildSettings = {
				ALWAYS_EMBED_SWIFT_STANDARD_LIBRARIES = YES;
				CODE_SIGN_STYLE = Automatic;
				CURRENT_PROJECT_VERSION = 1;
				GENERATE_INFOPLIST_FILE = YES;
				MARKETING_VERSION = 1.0;
				PRODUCT_BUNDLE_IDENTIFIER = "lorenzoAblis.Prospect-Athletic-RosterUITests";
				PRODUCT_NAME = "$(TARGET_NAME)";
				SWIFT_EMIT_LOC_STRINGS = NO;
				SWIFT_VERSION = 5.0;
				TARGETED_DEVICE_FAMILY = "1,2";
				TEST_TARGET_NAME = "Prospect Athletic Roster";
			};
			name = Debug;
		};
		81B98E762AE8186800C71D83 /* Release */ = {
			isa = XCBuildConfiguration;
			buildSettings = {
				ALWAYS_EMBED_SWIFT_STANDARD_LIBRARIES = YES;
				CODE_SIGN_STYLE = Automatic;
				CURRENT_PROJECT_VERSION = 1;
				GENERATE_INFOPLIST_FILE = YES;
				MARKETING_VERSION = 1.0;
				PRODUCT_BUNDLE_IDENTIFIER = "lorenzoAblis.Prospect-Athletic-RosterUITests";
				PRODUCT_NAME = "$(TARGET_NAME)";
				SWIFT_EMIT_LOC_STRINGS = NO;
				SWIFT_VERSION = 5.0;
				TARGETED_DEVICE_FAMILY = "1,2";
				TEST_TARGET_NAME = "Prospect Athletic Roster";
			};
			name = Release;
		};
/* End XCBuildConfiguration section */

/* Begin XCConfigurationList section */
		81B98E452AE8186700C71D83 /* Build configuration list for PBXProject "Prospect Athletic Roster" */ = {
			isa = XCConfigurationList;
			buildConfigurations = (
				81B98E6C2AE8186800C71D83 /* Debug */,
				81B98E6D2AE8186800C71D83 /* Release */,
			);
			defaultConfigurationIsVisible = 0;
			defaultConfigurationName = Release;
		};
		81B98E6E2AE8186800C71D83 /* Build configuration list for PBXNativeTarget "Prospect Athletic Roster" */ = {
			isa = XCConfigurationList;
			buildConfigurations = (
				81B98E6F2AE8186800C71D83 /* Debug */,
				81B98E702AE8186800C71D83 /* Release */,
			);
			defaultConfigurationIsVisible = 0;
			defaultConfigurationName = Release;
		};
		81B98E712AE8186800C71D83 /* Build configuration list for PBXNativeTarget "Prospect Athletic RosterTests" */ = {
			isa = XCConfigurationList;
			buildConfigurations = (
				81B98E722AE8186800C71D83 /* Debug */,
				81B98E732AE8186800C71D83 /* Release */,
			);
			defaultConfigurationIsVisible = 0;
			defaultConfigurationName = Release;
		};
		81B98E742AE8186800C71D83 /* Build configuration list for PBXNativeTarget "Prospect Athletic RosterUITests" */ = {
			isa = XCConfigurationList;
			buildConfigurations = (
				81B98E752AE8186800C71D83 /* Debug */,
				81B98E762AE8186800C71D83 /* Release */,
			);
			defaultConfigurationIsVisible = 0;
			defaultConfigurationName = Release;
		};
/* End XCConfigurationList section */

/* Begin XCRemoteSwiftPackageReference section */
		81368E332AEAC4D40049D81D /* XCRemoteSwiftPackageReference "firebase-ios-sdk" */ = {
			isa = XCRemoteSwiftPackageReference;
			repositoryURL = "https://github.com/firebase/firebase-ios-sdk";
			requirement = {
				kind = upToNextMajorVersion;
				minimumVersion = 10.16.0;
			};
		};
/* End XCRemoteSwiftPackageReference section */

/* Begin XCSwiftPackageProductDependency section */
		81368E342AEAC4D40049D81D /* FirebaseAnalytics */ = {
			isa = XCSwiftPackageProductDependency;
			package = 81368E332AEAC4D40049D81D /* XCRemoteSwiftPackageReference "firebase-ios-sdk" */;
			productName = FirebaseAnalytics;
		};
		81368E362AEAC4D40049D81D /* FirebaseDatabase */ = {
			isa = XCSwiftPackageProductDependency;
			package = 81368E332AEAC4D40049D81D /* XCRemoteSwiftPackageReference "firebase-ios-sdk" */;
			productName = FirebaseDatabase;
		};
		81368E382AEAC4D40049D81D /* FirebaseFirestore */ = {
			isa = XCSwiftPackageProductDependency;
			package = 81368E332AEAC4D40049D81D /* XCRemoteSwiftPackageReference "firebase-ios-sdk" */;
			productName = FirebaseFirestore;
		};
		81368E3A2AEAC4D40049D81D /* FirebaseFirestoreCombine-Community */ = {
			isa = XCSwiftPackageProductDependency;
			package = 81368E332AEAC4D40049D81D /* XCRemoteSwiftPackageReference "firebase-ios-sdk" */;
			productName = "FirebaseFirestoreCombine-Community";
		};
		81368E3C2AEAC4D40049D81D /* FirebaseFirestoreSwift */ = {
			isa = XCSwiftPackageProductDependency;
			package = 81368E332AEAC4D40049D81D /* XCRemoteSwiftPackageReference "firebase-ios-sdk" */;
			productName = FirebaseFirestoreSwift;
		};
/* End XCSwiftPackageProductDependency section */
	};
	rootObject = 81B98E422AE8186700C71D83 /* Project object */;
}
